
Microsoft Visual Studio Solution File, Format Version 12.00
# Visual Studio 15
VisualStudioVersion = 15.0.28010.2003
MinimumVisualStudioVersion = 10.0.40219.1
Project("{FAE04EC0-301F-11D3-BF4B-00C04F79EFBC}") = "AgentFramework.Core", "src\AgentFramework.Core\AgentFramework.Core.csproj", "{77223B87-C4DB-4771-BAA5-57257E182B2E}"
EndProject
Project("{2150E333-8FDC-42A3-9474-1A3956D46DE8}") = "Tests", "Tests", "{02ADBA96-A50C-44F0-A9D9-FA0629AA2DF4}"
EndProject
Project("{2150E333-8FDC-42A3-9474-1A3956D46DE8}") = "Framework", "Framework", "{73FF6DBD-5847-4F2D-94BE-196AE9A80228}"
EndProject
Project("{FAE04EC0-301F-11D3-BF4B-00C04F79EFBC}") = "AgentFramework.AspNetCore", "src\AgentFramework.AspNetCore\AgentFramework.AspNetCore.csproj", "{2C868A14-7883-4BF5-9C6E-F37263ED7C4C}"
EndProject
Project("{FAE04EC0-301F-11D3-BF4B-00C04F79EFBC}") = "AgentFramework.Core.Handlers", "src\AgentFramework.Core.Handlers\AgentFramework.Core.Handlers.csproj", "{C22E8B65-CF5F-4DFD-9935-BFF43BE944DD}"
EndProject
Project("{9A19103F-16F7-4668-BE54-9A1E7A4F7556}") = "AgentFramework.Core.Tests", "test\AgentFramework.Core.Tests\AgentFramework.Core.Tests.csproj", "{A8311790-E3EF-454D-84A7-920D0B48BFD3}"
EndProject
Project("{FAE04EC0-301F-11D3-BF4B-00C04F79EFBC}") = "AgentFramework.TestHarness", "src\AgentFramework.TestHarness\AgentFramework.TestHarness.csproj", "{2ECD541C-D796-4940-8355-5984A7D41E0B}"
EndProject
Project("{FAE04EC0-301F-11D3-BF4B-00C04F79EFBC}") = "AgentFramework", "src\AgentFramework\AgentFramework.csproj", "{9800261D-353D-41A3-9E2B-8226C502DB7F}"
EndProject
Project("{FAE04EC0-301F-11D3-BF4B-00C04F79EFBC}") = "AgentFramework.Payments.NullPay", "src\AgentFramework.Payments.NullPay\AgentFramework.Payments.NullPay.csproj", "{DC0A5CDF-B9E5-4D7C-B25B-742A0A63A7E0}"
EndProject
Project("{FAE04EC0-301F-11D3-BF4B-00C04F79EFBC}") = "AgentFramework.Payments.SovrinToken", "src\AgentFramework.Payments.SovrinToken\AgentFramework.Payments.SovrinToken.csproj", "{EFC4FF6F-64C0-4468-9075-30A5B288C019}"
EndProject
Global
	GlobalSection(SolutionConfigurationPlatforms) = preSolution
		Debug|Any CPU = Debug|Any CPU
		Release|Any CPU = Release|Any CPU
	EndGlobalSection
	GlobalSection(ProjectConfigurationPlatforms) = postSolution
		{77223B87-C4DB-4771-BAA5-57257E182B2E}.Debug|Any CPU.ActiveCfg = Debug|Any CPU
		{77223B87-C4DB-4771-BAA5-57257E182B2E}.Debug|Any CPU.Build.0 = Debug|Any CPU
		{77223B87-C4DB-4771-BAA5-57257E182B2E}.Release|Any CPU.ActiveCfg = Release|Any CPU
		{77223B87-C4DB-4771-BAA5-57257E182B2E}.Release|Any CPU.Build.0 = Release|Any CPU
		{2C868A14-7883-4BF5-9C6E-F37263ED7C4C}.Debug|Any CPU.ActiveCfg = Debug|Any CPU
		{2C868A14-7883-4BF5-9C6E-F37263ED7C4C}.Debug|Any CPU.Build.0 = Debug|Any CPU
		{2C868A14-7883-4BF5-9C6E-F37263ED7C4C}.Release|Any CPU.ActiveCfg = Release|Any CPU
		{2C868A14-7883-4BF5-9C6E-F37263ED7C4C}.Release|Any CPU.Build.0 = Release|Any CPU
		{C22E8B65-CF5F-4DFD-9935-BFF43BE944DD}.Debug|Any CPU.ActiveCfg = Debug|Any CPU
		{C22E8B65-CF5F-4DFD-9935-BFF43BE944DD}.Debug|Any CPU.Build.0 = Debug|Any CPU
		{C22E8B65-CF5F-4DFD-9935-BFF43BE944DD}.Release|Any CPU.ActiveCfg = Release|Any CPU
		{C22E8B65-CF5F-4DFD-9935-BFF43BE944DD}.Release|Any CPU.Build.0 = Release|Any CPU
		{A8311790-E3EF-454D-84A7-920D0B48BFD3}.Debug|Any CPU.ActiveCfg = Debug|Any CPU
		{A8311790-E3EF-454D-84A7-920D0B48BFD3}.Debug|Any CPU.Build.0 = Debug|Any CPU
		{A8311790-E3EF-454D-84A7-920D0B48BFD3}.Release|Any CPU.ActiveCfg = Release|Any CPU
		{A8311790-E3EF-454D-84A7-920D0B48BFD3}.Release|Any CPU.Build.0 = Release|Any CPU
		{2ECD541C-D796-4940-8355-5984A7D41E0B}.Debug|Any CPU.ActiveCfg = Debug|Any CPU
		{2ECD541C-D796-4940-8355-5984A7D41E0B}.Debug|Any CPU.Build.0 = Debug|Any CPU
		{2ECD541C-D796-4940-8355-5984A7D41E0B}.Release|Any CPU.ActiveCfg = Release|Any CPU
		{2ECD541C-D796-4940-8355-5984A7D41E0B}.Release|Any CPU.Build.0 = Release|Any CPU
		{9800261D-353D-41A3-9E2B-8226C502DB7F}.Debug|Any CPU.ActiveCfg = Debug|Any CPU
		{9800261D-353D-41A3-9E2B-8226C502DB7F}.Debug|Any CPU.Build.0 = Debug|Any CPU
		{9800261D-353D-41A3-9E2B-8226C502DB7F}.Release|Any CPU.ActiveCfg = Release|Any CPU
		{9800261D-353D-41A3-9E2B-8226C502DB7F}.Release|Any CPU.Build.0 = Release|Any CPU
		{DC0A5CDF-B9E5-4D7C-B25B-742A0A63A7E0}.Debug|Any CPU.ActiveCfg = Debug|Any CPU
		{DC0A5CDF-B9E5-4D7C-B25B-742A0A63A7E0}.Debug|Any CPU.Build.0 = Debug|Any CPU
		{DC0A5CDF-B9E5-4D7C-B25B-742A0A63A7E0}.Release|Any CPU.ActiveCfg = Release|Any CPU
		{DC0A5CDF-B9E5-4D7C-B25B-742A0A63A7E0}.Release|Any CPU.Build.0 = Release|Any CPU
		{EFC4FF6F-64C0-4468-9075-30A5B288C019}.Debug|Any CPU.ActiveCfg = Debug|Any CPU
		{EFC4FF6F-64C0-4468-9075-30A5B288C019}.Debug|Any CPU.Build.0 = Debug|Any CPU
		{EFC4FF6F-64C0-4468-9075-30A5B288C019}.Release|Any CPU.ActiveCfg = Release|Any CPU
		{EFC4FF6F-64C0-4468-9075-30A5B288C019}.Release|Any CPU.Build.0 = Release|Any CPU
	EndGlobalSection
	GlobalSection(SolutionProperties) = preSolution
		HideSolutionNode = FALSE
	EndGlobalSection
	GlobalSection(NestedProjects) = preSolution
		{77223B87-C4DB-4771-BAA5-57257E182B2E} = {73FF6DBD-5847-4F2D-94BE-196AE9A80228}
		{2C868A14-7883-4BF5-9C6E-F37263ED7C4C} = {73FF6DBD-5847-4F2D-94BE-196AE9A80228}
		{C22E8B65-CF5F-4DFD-9935-BFF43BE944DD} = {73FF6DBD-5847-4F2D-94BE-196AE9A80228}
		{A8311790-E3EF-454D-84A7-920D0B48BFD3} = {02ADBA96-A50C-44F0-A9D9-FA0629AA2DF4}
		{2ECD541C-D796-4940-8355-5984A7D41E0B} = {73FF6DBD-5847-4F2D-94BE-196AE9A80228}
		{9800261D-353D-41A3-9E2B-8226C502DB7F} = {73FF6DBD-5847-4F2D-94BE-196AE9A80228}
		{DC0A5CDF-B9E5-4D7C-B25B-742A0A63A7E0} = {73FF6DBD-5847-4F2D-94BE-196AE9A80228}
		{EFC4FF6F-64C0-4468-9075-30A5B288C019} = {73FF6DBD-5847-4F2D-94BE-196AE9A80228}
	EndGlobalSection
	GlobalSection(ExtensibilityGlobals) = postSolution
		SolutionGuid = {4FFA80F9-ADC6-40DB-BBD1-A522B8A68560}
	EndGlobalSection
EndGlobal
