Microsoft Visual Studio Solution File, Format Version 12.00
# Visual Studio 15
VisualStudioVersion = 15.0.28307.106
MinimumVisualStudioVersion = 10.0.40219.1
Project("{9A19103F-16F7-4668-BE54-9A1E7A4F7556}") = "WebAgent", "WebAgent.csproj", "{57313740-D2CD-409A-9076-1820FC5DA430}"
EndProject
Global
	GlobalSection(SolutionConfigurationPlatforms) = preSolution
		Debug|Any CPU = Debug|Any CPU
		Release|Any CPU = Release|Any CPU
	EndGlobalSection
	GlobalSection(ProjectConfigurationPlatforms) = postSolution
		{57313740-D2CD-409A-9076-1820FC5DA430}.Debug|Any CPU.ActiveCfg = Debug|Any CPU
		{57313740-D2CD-409A-9076-1820FC5DA430}.Debug|Any CPU.Build.0 = Debug|Any CPU
		{57313740-D2CD-409A-9076-1820FC5DA430}.Release|Any CPU.ActiveCfg = Release|Any CPU
		{57313740-D2CD-409A-9076-1820FC5DA430}.Release|Any CPU.Build.0 = Release|Any CPU
	EndGlobalSection
	GlobalSection(SolutionProperties) = preSolution
		HideSolutionNode = FALSE
	EndGlobalSection
	GlobalSection(ExtensibilityGlobals) = postSolution
		SolutionGuid = {AD723D94-F48B-44E6-9AEF-BA30574C4504}
	EndGlobalSection
EndGlobal
