
Microsoft Visual Studio Solution File, Format Version 12.00
# Visual Studio Version 16
VisualStudioVersion = 16.0.29509.3
MinimumVisualStudioVersion = 10.0.40219.1
Project("{2150E333-8FDC-42A3-9474-1A3956D46DE8}") = "Tests", "Tests", "{02ADBA96-A50C-44F0-A9D9-FA0629AA2DF4}"
EndProject
Project("{2150E333-8FDC-42A3-9474-1A3956D46DE8}") = "Framework", "Framework", "{73FF6DBD-5847-4F2D-94BE-196AE9A80228}"
EndProject
Project("{9A19103F-16F7-4668-BE54-9A1E7A4F7556}") = "Hyperledger.Aries.Tests", "..\test\Hyperledger.Aries.Tests\Hyperledger.Aries.Tests.csproj", "{A930D0EF-8D15-447B-B8BC-32D29F06CF18}"
EndProject
Project("{9A19103F-16F7-4668-BE54-9A1E7A4F7556}") = "Hyperledger.Aries", "Hyperledger.Aries\Hyperledger.Aries.csproj", "{CC5370E0-290A-424B-8AB1-E022AC303479}"
EndProject
Project("{9A19103F-16F7-4668-BE54-9A1E7A4F7556}") = "Hyperledger.Aries.TestHarness", "Hyperledger.Aries.TestHarness\Hyperledger.Aries.TestHarness.csproj", "{F758A7A6-F048-4B68-AA6A-35851F3048AE}"
EndProject
Project("{9A19103F-16F7-4668-BE54-9A1E7A4F7556}") = "Hyperledger.Aries.AspNetCore", "Hyperledger.Aries.AspNetCore\Hyperledger.Aries.AspNetCore.csproj", "{8E275FAC-8513-4027-A271-6EDD8404E800}"
EndProject
Project("{9A19103F-16F7-4668-BE54-9A1E7A4F7556}") = "Hyperledger.Aries.Payments.SovrinToken", "Hyperledger.Aries.Payments.SovrinToken\Hyperledger.Aries.Payments.SovrinToken.csproj", "{78AACB12-E8C1-4B09-A547-DE60AA74D4CF}"
EndProject
Project("{2150E333-8FDC-42A3-9474-1A3956D46DE8}") = "Routing", "Routing", "{50CA144B-F3EE-4FFC-B07C-C0E5959DAA82}"
EndProject
Project("{9A19103F-16F7-4668-BE54-9A1E7A4F7556}") = "Hyperledger.Aries.Routing", "Hyperledger.Aries.Routing\Hyperledger.Aries.Routing.csproj", "{B730DE35-80ED-4372-9D9F-23B14353150C}"
EndProject
Project("{9A19103F-16F7-4668-BE54-9A1E7A4F7556}") = "Hyperledger.Aries.Routing.Mediator", "Hyperledger.Aries.Routing.Mediator\Hyperledger.Aries.Routing.Mediator.csproj", "{D963131D-96EC-4DF5-8147-D77E75DCAE67}"
EndProject
Project("{9A19103F-16F7-4668-BE54-9A1E7A4F7556}") = "Hyperledger.Aries.Routing.Edge", "Hyperledger.Aries.Routing.Edge\Hyperledger.Aries.Routing.Edge.csproj", "{B76E800A-C3C1-4E42-AC60-24F70AF304BE}"
EndProject
Project("{9A19103F-16F7-4668-BE54-9A1E7A4F7556}") = "Hyperledger.Aries.AspNetCore.Contracts", "Hyperledger.Aries.AspNetCore.Contracts\Hyperledger.Aries.AspNetCore.Contracts.csproj", "{C35CAB46-4192-4BED-BB1A-0956B5136E96}"
EndProject
Global
	GlobalSection(SolutionConfigurationPlatforms) = preSolution
		Debug|Any CPU = Debug|Any CPU
		Release|Any CPU = Release|Any CPU
	EndGlobalSection
	GlobalSection(ProjectConfigurationPlatforms) = postSolution
		{A930D0EF-8D15-447B-B8BC-32D29F06CF18}.Debug|Any CPU.ActiveCfg = Debug|Any CPU
		{A930D0EF-8D15-447B-B8BC-32D29F06CF18}.Debug|Any CPU.Build.0 = Debug|Any CPU
		{A930D0EF-8D15-447B-B8BC-32D29F06CF18}.Release|Any CPU.ActiveCfg = Release|Any CPU
		{A930D0EF-8D15-447B-B8BC-32D29F06CF18}.Release|Any CPU.Build.0 = Release|Any CPU
		{CC5370E0-290A-424B-8AB1-E022AC303479}.Debug|Any CPU.ActiveCfg = Debug|Any CPU
		{CC5370E0-290A-424B-8AB1-E022AC303479}.Debug|Any CPU.Build.0 = Debug|Any CPU
		{CC5370E0-290A-424B-8AB1-E022AC303479}.Release|Any CPU.ActiveCfg = Release|Any CPU
		{CC5370E0-290A-424B-8AB1-E022AC303479}.Release|Any CPU.Build.0 = Release|Any CPU
		{F758A7A6-F048-4B68-AA6A-35851F3048AE}.Debug|Any CPU.ActiveCfg = Debug|Any CPU
		{F758A7A6-F048-4B68-AA6A-35851F3048AE}.Debug|Any CPU.Build.0 = Debug|Any CPU
		{F758A7A6-F048-4B68-AA6A-35851F3048AE}.Release|Any CPU.ActiveCfg = Release|Any CPU
		{F758A7A6-F048-4B68-AA6A-35851F3048AE}.Release|Any CPU.Build.0 = Release|Any CPU
		{8E275FAC-8513-4027-A271-6EDD8404E800}.Debug|Any CPU.ActiveCfg = Debug|Any CPU
		{8E275FAC-8513-4027-A271-6EDD8404E800}.Debug|Any CPU.Build.0 = Debug|Any CPU
		{8E275FAC-8513-4027-A271-6EDD8404E800}.Release|Any CPU.ActiveCfg = Release|Any CPU
		{8E275FAC-8513-4027-A271-6EDD8404E800}.Release|Any CPU.Build.0 = Release|Any CPU
		{78AACB12-E8C1-4B09-A547-DE60AA74D4CF}.Debug|Any CPU.ActiveCfg = Debug|Any CPU
		{78AACB12-E8C1-4B09-A547-DE60AA74D4CF}.Debug|Any CPU.Build.0 = Debug|Any CPU
		{78AACB12-E8C1-4B09-A547-DE60AA74D4CF}.Release|Any CPU.ActiveCfg = Release|Any CPU
		{78AACB12-E8C1-4B09-A547-DE60AA74D4CF}.Release|Any CPU.Build.0 = Release|Any CPU
		{B730DE35-80ED-4372-9D9F-23B14353150C}.Debug|Any CPU.ActiveCfg = Debug|Any CPU
		{B730DE35-80ED-4372-9D9F-23B14353150C}.Debug|Any CPU.Build.0 = Debug|Any CPU
		{B730DE35-80ED-4372-9D9F-23B14353150C}.Release|Any CPU.ActiveCfg = Release|Any CPU
		{B730DE35-80ED-4372-9D9F-23B14353150C}.Release|Any CPU.Build.0 = Release|Any CPU
		{D963131D-96EC-4DF5-8147-D77E75DCAE67}.Debug|Any CPU.ActiveCfg = Debug|Any CPU
		{D963131D-96EC-4DF5-8147-D77E75DCAE67}.Debug|Any CPU.Build.0 = Debug|Any CPU
		{D963131D-96EC-4DF5-8147-D77E75DCAE67}.Release|Any CPU.ActiveCfg = Release|Any CPU
		{D963131D-96EC-4DF5-8147-D77E75DCAE67}.Release|Any CPU.Build.0 = Release|Any CPU
		{B76E800A-C3C1-4E42-AC60-24F70AF304BE}.Debug|Any CPU.ActiveCfg = Debug|Any CPU
		{B76E800A-C3C1-4E42-AC60-24F70AF304BE}.Debug|Any CPU.Build.0 = Debug|Any CPU
		{B76E800A-C3C1-4E42-AC60-24F70AF304BE}.Release|Any CPU.ActiveCfg = Release|Any CPU
		{B76E800A-C3C1-4E42-AC60-24F70AF304BE}.Release|Any CPU.Build.0 = Release|Any CPU
		{C35CAB46-4192-4BED-BB1A-0956B5136E96}.Debug|Any CPU.ActiveCfg = Debug|Any CPU
		{C35CAB46-4192-4BED-BB1A-0956B5136E96}.Debug|Any CPU.Build.0 = Debug|Any CPU
		{C35CAB46-4192-4BED-BB1A-0956B5136E96}.Release|Any CPU.ActiveCfg = Release|Any CPU
		{C35CAB46-4192-4BED-BB1A-0956B5136E96}.Release|Any CPU.Build.0 = Release|Any CPU
	EndGlobalSection
	GlobalSection(SolutionProperties) = preSolution
		HideSolutionNode = FALSE
	EndGlobalSection
	GlobalSection(NestedProjects) = preSolution
		{A930D0EF-8D15-447B-B8BC-32D29F06CF18} = {02ADBA96-A50C-44F0-A9D9-FA0629AA2DF4}
		{CC5370E0-290A-424B-8AB1-E022AC303479} = {73FF6DBD-5847-4F2D-94BE-196AE9A80228}
		{F758A7A6-F048-4B68-AA6A-35851F3048AE} = {02ADBA96-A50C-44F0-A9D9-FA0629AA2DF4}
		{8E275FAC-8513-4027-A271-6EDD8404E800} = {73FF6DBD-5847-4F2D-94BE-196AE9A80228}
		{78AACB12-E8C1-4B09-A547-DE60AA74D4CF} = {73FF6DBD-5847-4F2D-94BE-196AE9A80228}
		{B730DE35-80ED-4372-9D9F-23B14353150C} = {50CA144B-F3EE-4FFC-B07C-C0E5959DAA82}
		{D963131D-96EC-4DF5-8147-D77E75DCAE67} = {50CA144B-F3EE-4FFC-B07C-C0E5959DAA82}
		{B76E800A-C3C1-4E42-AC60-24F70AF304BE} = {50CA144B-F3EE-4FFC-B07C-C0E5959DAA82}
		{C35CAB46-4192-4BED-BB1A-0956B5136E96} = {73FF6DBD-5847-4F2D-94BE-196AE9A80228}
	EndGlobalSection
	GlobalSection(ExtensibilityGlobals) = postSolution
		SolutionGuid = {4FFA80F9-ADC6-40DB-BBD1-A522B8A68560}
	EndGlobalSection
EndGlobal
